PODS:
  - ReSwift (4.0.0)
  - SwiftyBeaver (1.3.0)

DEPENDENCIES:
  - ReSwift
  - SwiftyBeaver

SPEC REPOS:
  trunk:
    - ReSwift
    - SwiftyBeaver

SPEC CHECKSUMS:
  ReSwift: f058ef13b46ae5f463f10605ccbbb7fb04424d8d
  SwiftyBeaver: d4b551ba34b4206c52cc4684ae90444b8aaa5afd

PODFILE CHECKSUM: d8fb395493c980652996bb024611eab000cf8e79

COCOAPODS: 1.8.1
