PODS:
  - ReSwift (5.0.0)
  - SwiftyBeaver (1.8.3)

DEPENDENCIES:
  - ReSwift
  - SwiftyBeaver

SPEC REPOS:
  trunk:
    - ReSwift
    - SwiftyBeaver

SPEC CHECKSUMS:
  ReSwift: 628f1a9b3ee52e3b3ca2a644435472fd77afafe1
  SwiftyBeaver: 3d3e93a12d648bd400b6f2948a7ef128b5b183c7

PODFILE CHECKSUM: d8fb395493c980652996bb024611eab000cf8e79

COCOAPODS: 1.8.1
