PODS:
  - ReSwift (4.0.0)
  - Reveal-SDK (9)
  - SwiftyBeaver (1.3.0)

DEPENDENCIES:
  - ReSwift
  - Reveal-SDK
  - SwiftyBeaver

SPEC CHECKSUMS:
  ReSwift: f058ef13b46ae5f463f10605ccbbb7fb04424d8d
  Reveal-SDK: d977a1ec41e7c076025c1005da6e6d7c1b8ed254
  SwiftyBeaver: d4b551ba34b4206c52cc4684ae90444b8aaa5afd

PODFILE CHECKSUM: 9e2453db61eda76fb37fc3587a4bf4f1c321a5a1

COCOAPODS: 1.2.1
