// !$*UTF8*$!
{
	archiveVersion = 1;
	classes = {
	};
	objectVersion = 46;
	objects = {

/* Begin PBXBuildFile section */
		7598AC69071C395983A0B985 /* Pods_ReSwift_Enigma.framework in Frameworks */ = {isa = PBXBuildFile; fileRef = B6CA9630A71A8CD494B106A9 /* Pods_ReSwift_Enigma.framework */; };
		C679CA1A1F35AE00006A1EA8 /* ReSwift_Enigma_Mock_Tests.swift in Sources */ = {isa = PBXBuildFile; fileRef = C679CA191F35AE00006A1EA8 /* ReSwift_Enigma_Mock_Tests.swift */; };
		C692DDC31F1B972A00D0F2C8 /* RotorReducer.swift in Sources */ = {isa = PBXBuildFile; fileRef = C692DDC21F1B972A00D0F2C8 /* RotorReducer.swift */; };
		C692DDC51F1BA6A400D0F2C8 /* RotorActions.swift in Sources */ = {isa = PBXBuildFile; fileRef = C692DDC41F1BA6A400D0F2C8 /* RotorActions.swift */; };
		C692DDC71F1BAC3300D0F2C8 /* PlugboardReducer.swift in Sources */ = {isa = PBXBuildFile; fileRef = C692DDC61F1BAC3300D0F2C8 /* PlugboardReducer.swift */; };
		C692DDC91F1BACEF00D0F2C8 /* OutputReducer.swift in Sources */ = {isa = PBXBuildFile; fileRef = C692DDC81F1BACEF00D0F2C8 /* OutputReducer.swift */; };
		C692DDCB1F1BAD7200D0F2C8 /* PlugboardActions.swift in Sources */ = {isa = PBXBuildFile; fileRef = C692DDCA1F1BAD7200D0F2C8 /* PlugboardActions.swift */; };
		C692DDCD1F1BB07000D0F2C8 /* OutputActions.swift in Sources */ = {isa = PBXBuildFile; fileRef = C692DDCC1F1BB07000D0F2C8 /* OutputActions.swift */; };
		C692DDCF1F1DD7D800D0F2C8 /* NavigationReducer.swift in Sources */ = {isa = PBXBuildFile; fileRef = C692DDCE1F1DD7D800D0F2C8 /* NavigationReducer.swift */; };
		C692DDD11F1DD92B00D0F2C8 /* NavigationActions.swift in Sources */ = {isa = PBXBuildFile; fileRef = C692DDD01F1DD92B00D0F2C8 /* NavigationActions.swift */; };
		C692DDD31F1E9D8900D0F2C8 /* EnigmaData.swift in Sources */ = {isa = PBXBuildFile; fileRef = C692DDD21F1E9D8900D0F2C8 /* EnigmaData.swift */; };
		C692DDD51F1EA6A500D0F2C8 /* Helpers.swift in Sources */ = {isa = PBXBuildFile; fileRef = C692DDD41F1EA6A500D0F2C8 /* Helpers.swift */; };
		C692DDDD1F214AB000D0F2C8 /* ReSwift_Enigma_Tests.swift in Sources */ = {isa = PBXBuildFile; fileRef = C692DDDC1F214AB000D0F2C8 /* ReSwift_Enigma_Tests.swift */; };
		C692DDEB1F2310FF00D0F2C8 /* ReSwift_EnigmaUITests.swift in Sources */ = {isa = PBXBuildFile; fileRef = C692DDEA1F2310FF00D0F2C8 /* ReSwift_EnigmaUITests.swift */; };
		C6997ECF1F1ABB8B006F57BB /* CodeViewController.swift in Sources */ = {isa = PBXBuildFile; fileRef = C6997ECE1F1ABB8B006F57BB /* CodeViewController.swift */; };
		C6A1FB941F172CF000A73DEB /* AppDelegate.swift in Sources */ = {isa = PBXBuildFile; fileRef = C6A1FB931F172CF000A73DEB /* AppDelegate.swift */; };
		C6A1FB961F172CF000A73DEB /* SetupViewController.swift in Sources */ = {isa = PBXBuildFile; fileRef = C6A1FB951F172CF000A73DEB /* SetupViewController.swift */; };
		C6A1FB991F172CF000A73DEB /* Main.storyboard in Resources */ = {isa = PBXBuildFile; fileRef = C6A1FB971F172CF000A73DEB /* Main.storyboard */; };
		C6A1FB9B1F172CF000A73DEB /* Assets.xcassets in Resources */ = {isa = PBXBuildFile; fileRef = C6A1FB9A1F172CF000A73DEB /* Assets.xcassets */; };
		C6A1FB9E1F172CF000A73DEB /* LaunchScreen.storyboard in Resources */ = {isa = PBXBuildFile; fileRef = C6A1FB9C1F172CF000A73DEB /* LaunchScreen.storyboard */; };
		C6A1FBA61F172F4700A73DEB /* Store.swift in Sources */ = {isa = PBXBuildFile; fileRef = C6A1FBA51F172F4700A73DEB /* Store.swift */; };
		CF44ED342C028B6B2C6A7262 /* Pods_ReSwift_EnigmaUITests.framework in Frameworks */ = {isa = PBXBuildFile; fileRef = D3A1B472D5F84AFD0F526BF0 /* Pods_ReSwift_EnigmaUITests.framework */; };
/* End PBXBuildFile section */

/* Begin PBXContainerItemProxy section */
		C679CA1C1F35AE00006A1EA8 /* PBXContainerItemProxy */ = {
			isa = PBXContainerItemProxy;
			containerPortal = C6A1FB881F172CEF00A73DEB /* Project object */;
			proxyType = 1;
			remoteGlobalIDString = C6A1FB8F1F172CF000A73DEB;
			remoteInfo = "ReSwift Enigma";
		};
		C692DDDF1F214AB000D0F2C8 /* PBXContainerItemProxy */ = {
			isa = PBXContainerItemProxy;
			containerPortal = C6A1FB881F172CEF00A73DEB /* Project object */;
			proxyType = 1;
			remoteGlobalIDString = C6A1FB8F1F172CF000A73DEB;
			remoteInfo = "ReSwift Enigma";
		};
		C692DDED1F2310FF00D0F2C8 /* PBXContainerItemProxy */ = {
			isa = PBXContainerItemProxy;
			containerPortal = C6A1FB881F172CEF00A73DEB /* Project object */;
			proxyType = 1;
			remoteGlobalIDString = C6A1FB8F1F172CF000A73DEB;
			remoteInfo = "ReSwift Enigma";
		};
/* End PBXContainerItemProxy section */

/* Begin PBXFileReference section */
		079D79ECCFAE6C53D134F3BE /* Pods-ReSwift EnigmaUITests.debug.xcconfig */ = {isa = PBXFileReference; includeInIndex = 1; lastKnownFileType = text.xcconfig; name = "Pods-ReSwift EnigmaUITests.debug.xcconfig"; path = "Pods/Target Support Files/Pods-ReSwift EnigmaUITests/Pods-ReSwift EnigmaUITests.debug.xcconfig"; sourceTree = "<group>"; };
		B53499637E9756F684657821 /* Pods-ReSwift Enigma.release.xcconfig */ = {isa = PBXFileReference; includeInIndex = 1; lastKnownFileType = text.xcconfig; name = "Pods-ReSwift Enigma.release.xcconfig"; path = "Pods/Target Support Files/Pods-ReSwift Enigma/Pods-ReSwift Enigma.release.xcconfig"; sourceTree = "<group>"; };
		B6CA9630A71A8CD494B106A9 /* Pods_ReSwift_Enigma.framework */ = {isa = PBXFileReference; explicitFileType = wrapper.framework; includeInIndex = 0; path = Pods_ReSwift_Enigma.framework; sourceTree = BUILT_PRODUCTS_DIR; };
		BEAB0D8CD2358BA43B0BBD04 /* Pods-ReSwift Enigma.debug.xcconfig */ = {isa = PBXFileReference; includeInIndex = 1; lastKnownFileType = text.xcconfig; name = "Pods-ReSwift Enigma.debug.xcconfig"; path = "Pods/Target Support Files/Pods-ReSwift Enigma/Pods-ReSwift Enigma.debug.xcconfig"; sourceTree = "<group>"; };
		C679CA171F35AE00006A1EA8 /* ReSwift Enigma Mock Tests.xctest */ = {isa = PBXFileReference; explicitFileType = wrapper.cfbundle; includeInIndex = 0; path = "ReSwift Enigma Mock Tests.xctest"; sourceTree = BUILT_PRODUCTS_DIR; };
		C679CA191F35AE00006A1EA8 /* ReSwift_Enigma_Mock_Tests.swift */ = {isa = PBXFileReference; lastKnownFileType = sourcecode.swift; path = ReSwift_Enigma_Mock_Tests.swift; sourceTree = "<group>"; };
		C679CA1B1F35AE00006A1EA8 /* Info.plist */ = {isa = PBXFileReference; lastKnownFileType = text.plist.xml; path = Info.plist; sourceTree = "<group>"; };
		C692DDC21F1B972A00D0F2C8 /* RotorReducer.swift */ = {isa = PBXFileReference; fileEncoding = 4; lastKnownFileType = sourcecode.swift; path = RotorReducer.swift; sourceTree = "<group>"; };
		C692DDC41F1BA6A400D0F2C8 /* RotorActions.swift */ = {isa = PBXFileReference; fileEncoding = 4; lastKnownFileType = sourcecode.swift; path = RotorActions.swift; sourceTree = "<group>"; };
		C692DDC61F1BAC3300D0F2C8 /* PlugboardReducer.swift */ = {isa = PBXFileReference; fileEncoding = 4; lastKnownFileType = sourcecode.swift; path = PlugboardReducer.swift; sourceTree = "<group>"; };
		C692DDC81F1BACEF00D0F2C8 /* OutputReducer.swift */ = {isa = PBXFileReference; fileEncoding = 4; lastKnownFileType = sourcecode.swift; path = OutputReducer.swift; sourceTree = "<group>"; };
		C692DDCA1F1BAD7200D0F2C8 /* PlugboardActions.swift */ = {isa = PBXFileReference; fileEncoding = 4; lastKnownFileType = sourcecode.swift; path = PlugboardActions.swift; sourceTree = "<group>"; };
		C692DDCC1F1BB07000D0F2C8 /* OutputActions.swift */ = {isa = PBXFileReference; fileEncoding = 4; lastKnownFileType = sourcecode.swift; path = OutputActions.swift; sourceTree = "<group>"; };
		C692DDCE1F1DD7D800D0F2C8 /* NavigationReducer.swift */ = {isa = PBXFileReference; fileEncoding = 4; lastKnownFileType = sourcecode.swift; path = NavigationReducer.swift; sourceTree = "<group>"; };
		C692DDD01F1DD92B00D0F2C8 /* NavigationActions.swift */ = {isa = PBXFileReference; fileEncoding = 4; lastKnownFileType = sourcecode.swift; path = NavigationActions.swift; sourceTree = "<group>"; };
		C692DDD21F1E9D8900D0F2C8 /* EnigmaData.swift */ = {isa = PBXFileReference; fileEncoding = 4; lastKnownFileType = sourcecode.swift; path = EnigmaData.swift; sourceTree = "<group>"; };
		C692DDD41F1EA6A500D0F2C8 /* Helpers.swift */ = {isa = PBXFileReference; fileEncoding = 4; lastKnownFileType = sourcecode.swift; path = Helpers.swift; sourceTree = "<group>"; };
		C692DDDA1F214AB000D0F2C8 /* ReSwift Enigma Tests.xctest */ = {isa = PBXFileReference; explicitFileType = wrapper.cfbundle; includeInIndex = 0; path = "ReSwift Enigma Tests.xctest"; sourceTree = BUILT_PRODUCTS_DIR; };
		C692DDDC1F214AB000D0F2C8 /* ReSwift_Enigma_Tests.swift */ = {isa = PBXFileReference; lastKnownFileType = sourcecode.swift; path = ReSwift_Enigma_Tests.swift; sourceTree = "<group>"; };
		C692DDDE1F214AB000D0F2C8 /* Info.plist */ = {isa = PBXFileReference; lastKnownFileType = text.plist.xml; path = Info.plist; sourceTree = "<group>"; };
		C692DDE81F2310FF00D0F2C8 /* ReSwift EnigmaUITests.xctest */ = {isa = PBXFileReference; explicitFileType = wrapper.cfbundle; includeInIndex = 0; path = "ReSwift EnigmaUITests.xctest"; sourceTree = BUILT_PRODUCTS_DIR; };
		C692DDEA1F2310FF00D0F2C8 /* ReSwift_EnigmaUITests.swift */ = {isa = PBXFileReference; lastKnownFileType = sourcecode.swift; path = ReSwift_EnigmaUITests.swift; sourceTree = "<group>"; };
		C692DDEC1F2310FF00D0F2C8 /* Info.plist */ = {isa = PBXFileReference; lastKnownFileType = text.plist.xml; path = Info.plist; sourceTree = "<group>"; };
		C6997ECE1F1ABB8B006F57BB /* CodeViewController.swift */ = {isa = PBXFileReference; fileEncoding = 4; lastKnownFileType = sourcecode.swift; path = CodeViewController.swift; sourceTree = "<group>"; };
		C6A1FB901F172CF000A73DEB /* ReSwift Enigma.app */ = {isa = PBXFileReference; explicitFileType = wrapper.application; includeInIndex = 0; path = "ReSwift Enigma.app"; sourceTree = BUILT_PRODUCTS_DIR; };
		C6A1FB931F172CF000A73DEB /* AppDelegate.swift */ = {isa = PBXFileReference; lastKnownFileType = sourcecode.swift; path = AppDelegate.swift; sourceTree = "<group>"; };
		C6A1FB951F172CF000A73DEB /* SetupViewController.swift */ = {isa = PBXFileReference; lastKnownFileType = sourcecode.swift; path = SetupViewController.swift; sourceTree = "<group>"; };
		C6A1FB981F172CF000A73DEB /* Base */ = {isa = PBXFileReference; lastKnownFileType = file.storyboard; name = Base; path = Base.lproj/Main.storyboard; sourceTree = "<group>"; };
		C6A1FB9A1F172CF000A73DEB /* Assets.xcassets */ = {isa = PBXFileReference; lastKnownFileType = folder.assetcatalog; path = Assets.xcassets; sourceTree = "<group>"; };
		C6A1FB9D1F172CF000A73DEB /* Base */ = {isa = PBXFileReference; lastKnownFileType = file.storyboard; name = Base; path = Base.lproj/LaunchScreen.storyboard; sourceTree = "<group>"; };
		C6A1FB9F1F172CF000A73DEB /* Info.plist */ = {isa = PBXFileReference; lastKnownFileType = text.plist.xml; path = Info.plist; sourceTree = "<group>"; };
		C6A1FBA51F172F4700A73DEB /* Store.swift */ = {isa = PBXFileReference; fileEncoding = 4; lastKnownFileType = sourcecode.swift; path = Store.swift; sourceTree = "<group>"; };
		D117544202BD7825F6128305 /* Pods-ReSwift EnigmaUITests.release.xcconfig */ = {isa = PBXFileReference; includeInIndex = 1; lastKnownFileType = text.xcconfig; name = "Pods-ReSwift EnigmaUITests.release.xcconfig"; path = "Pods/Target Support Files/Pods-ReSwift EnigmaUITests/Pods-ReSwift EnigmaUITests.release.xcconfig"; sourceTree = "<group>"; };
		D3A1B472D5F84AFD0F526BF0 /* Pods_ReSwift_EnigmaUITests.framework */ = {isa = PBXFileReference; explicitFileType = wrapper.framework; includeInIndex = 0; path = Pods_ReSwift_EnigmaUITests.framework; sourceTree = BUILT_PRODUCTS_DIR; };
/* End PBXFileReference section */

/* Begin PBXFrameworksBuildPhase section */
		C679CA141F35AE00006A1EA8 /* Frameworks */ = {
			isa = PBXFrameworksBuildPhase;
			buildActionMask = 2147483647;
			files = (
			);
			runOnlyForDeploymentPostprocessing = 0;
		};
		C692DDD71F214AB000D0F2C8 /* Frameworks */ = {
			isa = PBXFrameworksBuildPhase;
			buildActionMask = 2147483647;
			files = (
			);
			runOnlyForDeploymentPostprocessing = 0;
		};
		C692DDE51F2310FF00D0F2C8 /* Frameworks */ = {
			isa = PBXFrameworksBuildPhase;
			buildActionMask = 2147483647;
			files = (
				CF44ED342C028B6B2C6A7262 /* Pods_ReSwift_EnigmaUITests.framework in Frameworks */,
			);
			runOnlyForDeploymentPostprocessing = 0;
		};
		C6A1FB8D1F172CF000A73DEB /* Frameworks */ = {
			isa = PBXFrameworksBuildPhase;
			buildActionMask = 2147483647;
			files = (
				7598AC69071C395983A0B985 /* Pods_ReSwift_Enigma.framework in Frameworks */,
			);
			runOnlyForDeploymentPostprocessing = 0;
		};
/* End PBXFrameworksBuildPhase section */

/* Begin PBXGroup section */
		73FB975FA25F2A02CD70C1ED /* Pods */ = {
			isa = PBXGroup;
			children = (
				BEAB0D8CD2358BA43B0BBD04 /* Pods-ReSwift Enigma.debug.xcconfig */,
				B53499637E9756F684657821 /* Pods-ReSwift Enigma.release.xcconfig */,
				079D79ECCFAE6C53D134F3BE /* Pods-ReSwift EnigmaUITests.debug.xcconfig */,
				D117544202BD7825F6128305 /* Pods-ReSwift EnigmaUITests.release.xcconfig */,
			);
			name = Pods;
			sourceTree = "<group>";
		};
		C679CA181F35AE00006A1EA8 /* ReSwift Enigma Mock Tests */ = {
			isa = PBXGroup;
			children = (
				C679CA191F35AE00006A1EA8 /* ReSwift_Enigma_Mock_Tests.swift */,
				C679CA1B1F35AE00006A1EA8 /* Info.plist */,
			);
			path = "ReSwift Enigma Mock Tests";
			sourceTree = "<group>";
		};
		C692DDDB1F214AB000D0F2C8 /* ReSwift Enigma Tests */ = {
			isa = PBXGroup;
			children = (
				C692DDDC1F214AB000D0F2C8 /* ReSwift_Enigma_Tests.swift */,
				C692DDDE1F214AB000D0F2C8 /* Info.plist */,
			);
			path = "ReSwift Enigma Tests";
			sourceTree = "<group>";
		};
		C692DDE91F2310FF00D0F2C8 /* ReSwift EnigmaUITests */ = {
			isa = PBXGroup;
			children = (
				C692DDEA1F2310FF00D0F2C8 /* ReSwift_EnigmaUITests.swift */,
				C692DDEC1F2310FF00D0F2C8 /* Info.plist */,
			);
			path = "ReSwift EnigmaUITests";
			sourceTree = "<group>";
		};
		C6997ED21F1AD787006F57BB /* Actions */ = {
			isa = PBXGroup;
			children = (
				C692DDD01F1DD92B00D0F2C8 /* NavigationActions.swift */,
				C692DDCC1F1BB07000D0F2C8 /* OutputActions.swift */,
				C692DDCA1F1BAD7200D0F2C8 /* PlugboardActions.swift */,
				C692DDC41F1BA6A400D0F2C8 /* RotorActions.swift */,
			);
			name = Actions;
			sourceTree = "<group>";
		};
		C6997ED51F1B6EF7006F57BB /* Reducers */ = {
			isa = PBXGroup;
			children = (
				C692DDCE1F1DD7D800D0F2C8 /* NavigationReducer.swift */,
				C692DDC81F1BACEF00D0F2C8 /* OutputReducer.swift */,
				C692DDC61F1BAC3300D0F2C8 /* PlugboardReducer.swift */,
				C692DDC21F1B972A00D0F2C8 /* RotorReducer.swift */,
			);
			name = Reducers;
			sourceTree = "<group>";
		};
		C6A1FB871F172CEF00A73DEB = {
			isa = PBXGroup;
			children = (
				C6A1FB921F172CF000A73DEB /* ReSwift Enigma */,
				C692DDDB1F214AB000D0F2C8 /* ReSwift Enigma Tests */,
				C692DDE91F2310FF00D0F2C8 /* ReSwift EnigmaUITests */,
				C679CA181F35AE00006A1EA8 /* ReSwift Enigma Mock Tests */,
				C6A1FB911F172CF000A73DEB /* Products */,
				73FB975FA25F2A02CD70C1ED /* Pods */,
				E06F65DD480BBB3A580711F9 /* Frameworks */,
			);
			sourceTree = "<group>";
		};
		C6A1FB911F172CF000A73DEB /* Products */ = {
			isa = PBXGroup;
			children = (
				C6A1FB901F172CF000A73DEB /* ReSwift Enigma.app */,
				C692DDDA1F214AB000D0F2C8 /* ReSwift Enigma Tests.xctest */,
				C692DDE81F2310FF00D0F2C8 /* ReSwift EnigmaUITests.xctest */,
				C679CA171F35AE00006A1EA8 /* ReSwift Enigma Mock Tests.xctest */,
			);
			name = Products;
			sourceTree = "<group>";
		};
		C6A1FB921F172CF000A73DEB /* ReSwift Enigma */ = {
			isa = PBXGroup;
			children = (
				C6A1FB931F172CF000A73DEB /* AppDelegate.swift */,
				C6A1FB951F172CF000A73DEB /* SetupViewController.swift */,
				C6997ECE1F1ABB8B006F57BB /* CodeViewController.swift */,
				C692DDD21F1E9D8900D0F2C8 /* EnigmaData.swift */,
				C692DDD41F1EA6A500D0F2C8 /* Helpers.swift */,
				C6A1FB971F172CF000A73DEB /* Main.storyboard */,
				C6A1FB9A1F172CF000A73DEB /* Assets.xcassets */,
				C6A1FB9C1F172CF000A73DEB /* LaunchScreen.storyboard */,
				C6A1FB9F1F172CF000A73DEB /* Info.plist */,
				C6A1FBA51F172F4700A73DEB /* Store.swift */,
				C6997ED21F1AD787006F57BB /* Actions */,
				C6997ED51F1B6EF7006F57BB /* Reducers */,
			);
			path = "ReSwift Enigma";
			sourceTree = "<group>";
		};
		E06F65DD480BBB3A580711F9 /* Frameworks */ = {
			isa = PBXGroup;
			children = (
				B6CA9630A71A8CD494B106A9 /* Pods_ReSwift_Enigma.framework */,
				D3A1B472D5F84AFD0F526BF0 /* Pods_ReSwift_EnigmaUITests.framework */,
			);
			name = Frameworks;
			sourceTree = "<group>";
		};
/* End PBXGroup section */

/* Begin PBXNativeTarget section */
		C679CA161F35AE00006A1EA8 /* ReSwift Enigma Mock Tests */ = {
			isa = PBXNativeTarget;
			buildConfigurationList = C679CA201F35AE00006A1EA8 /* Build configuration list for PBXNativeTarget "ReSwift Enigma Mock Tests" */;
			buildPhases = (
				C679CA131F35AE00006A1EA8 /* Sources */,
				C679CA141F35AE00006A1EA8 /* Frameworks */,
				C679CA151F35AE00006A1EA8 /* Resources */,
			);
			buildRules = (
			);
			dependencies = (
				C679CA1D1F35AE00006A1EA8 /* PBXTargetDependency */,
			);
			name = "ReSwift Enigma Mock Tests";
			productName = "ReSwift Enigma Mock Tests";
			productReference = C679CA171F35AE00006A1EA8 /* ReSwift Enigma Mock Tests.xctest */;
			productType = "com.apple.product-type.bundle.unit-test";
		};
		C692DDD91F214AB000D0F2C8 /* ReSwift Enigma Tests */ = {
			isa = PBXNativeTarget;
			buildConfigurationList = C692DDE31F214AB000D0F2C8 /* Build configuration list for PBXNativeTarget "ReSwift Enigma Tests" */;
			buildPhases = (
				C692DDD61F214AB000D0F2C8 /* Sources */,
				C692DDD71F214AB000D0F2C8 /* Frameworks */,
				C692DDD81F214AB000D0F2C8 /* Resources */,
			);
			buildRules = (
			);
			dependencies = (
				C692DDE01F214AB000D0F2C8 /* PBXTargetDependency */,
			);
			name = "ReSwift Enigma Tests";
			productName = "ReSwift Enigma Tests";
			productReference = C692DDDA1F214AB000D0F2C8 /* ReSwift Enigma Tests.xctest */;
			productType = "com.apple.product-type.bundle.unit-test";
		};
		C692DDE71F2310FF00D0F2C8 /* ReSwift EnigmaUITests */ = {
			isa = PBXNativeTarget;
			buildConfigurationList = C692DDEF1F2310FF00D0F2C8 /* Build configuration list for PBXNativeTarget "ReSwift EnigmaUITests" */;
			buildPhases = (
				2A56646E7EEEC64D8FE515BC /* [CP] Check Pods Manifest.lock */,
				C692DDE41F2310FF00D0F2C8 /* Sources */,
				C692DDE51F2310FF00D0F2C8 /* Frameworks */,
				C692DDE61F2310FF00D0F2C8 /* Resources */,
				A683C8FF5BC7CBE9F32ABD5C /* [CP] Embed Pods Frameworks */,
			);
			buildRules = (
			);
			dependencies = (
				C692DDEE1F2310FF00D0F2C8 /* PBXTargetDependency */,
			);
			name = "ReSwift EnigmaUITests";
			productName = "ReSwift EnigmaUITests";
			productReference = C692DDE81F2310FF00D0F2C8 /* ReSwift EnigmaUITests.xctest */;
			productType = "com.apple.product-type.bundle.ui-testing";
		};
		C6A1FB8F1F172CF000A73DEB /* ReSwift Enigma */ = {
			isa = PBXNativeTarget;
			buildConfigurationList = C6A1FBA21F172CF000A73DEB /* Build configuration list for PBXNativeTarget "ReSwift Enigma" */;
			buildPhases = (
				A7C8ED9E3F3051CF08963072 /* [CP] Check Pods Manifest.lock */,
				C6A1FB8C1F172CF000A73DEB /* Sources */,
				C6A1FB8D1F172CF000A73DEB /* Frameworks */,
				C6A1FB8E1F172CF000A73DEB /* Resources */,
				92B222248B3D89320E40C9E1 /* [CP] Embed Pods Frameworks */,
			);
			buildRules = (
			);
			dependencies = (
			);
			name = "ReSwift Enigma";
			productName = "ReSwift Enigma";
			productReference = C6A1FB901F172CF000A73DEB /* ReSwift Enigma.app */;
			productType = "com.apple.product-type.application";
		};
/* End PBXNativeTarget section */

/* Begin PBXProject section */
		C6A1FB881F172CEF00A73DEB /* Project object */ = {
			isa = PBXProject;
			attributes = {
				LastSwiftUpdateCheck = 0830;
				LastUpgradeCheck = 1010;
				ORGANIZATIONNAME = "James Coleman";
				TargetAttributes = {
					C679CA161F35AE00006A1EA8 = {
						CreatedOnToolsVersion = 8.3.3;
						DevelopmentTeam = T3V57DT83Y;
						LastSwiftMigration = 1010;
						ProvisioningStyle = Automatic;
						TestTargetID = C6A1FB8F1F172CF000A73DEB;
					};
					C692DDD91F214AB000D0F2C8 = {
						CreatedOnToolsVersion = 8.3.3;
						DevelopmentTeam = T3V57DT83Y;
						LastSwiftMigration = 1010;
						ProvisioningStyle = Automatic;
						TestTargetID = C6A1FB8F1F172CF000A73DEB;
					};
					C692DDE71F2310FF00D0F2C8 = {
						CreatedOnToolsVersion = 8.3.3;
						DevelopmentTeam = T3V57DT83Y;
						LastSwiftMigration = 1010;
						ProvisioningStyle = Automatic;
						TestTargetID = C6A1FB8F1F172CF000A73DEB;
					};
					C6A1FB8F1F172CF000A73DEB = {
						CreatedOnToolsVersion = 8.3.3;
						DevelopmentTeam = T3V57DT83Y;
						LastSwiftMigration = 1010;
						ProvisioningStyle = Automatic;
					};
				};
			};
			buildConfigurationList = C6A1FB8B1F172CEF00A73DEB /* Build configuration list for PBXProject "ReSwift Enigma" */;
			compatibilityVersion = "Xcode 3.2";
			developmentRegion = English;
			hasScannedForEncodings = 0;
			knownRegions = (
				en,
				Base,
			);
			mainGroup = C6A1FB871F172CEF00A73DEB;
			productRefGroup = C6A1FB911F172CF000A73DEB /* Products */;
			projectDirPath = "";
			projectRoot = "";
			targets = (
				C6A1FB8F1F172CF000A73DEB /* ReSwift Enigma */,
				C692DDD91F214AB000D0F2C8 /* ReSwift Enigma Tests */,
				C692DDE71F2310FF00D0F2C8 /* ReSwift EnigmaUITests */,
				C679CA161F35AE00006A1EA8 /* ReSwift Enigma Mock Tests */,
			);
		};
/* End PBXProject section */

/* Begin PBXResourcesBuildPhase section */
		C679CA151F35AE00006A1EA8 /* Resources */ = {
			isa = PBXResourcesBuildPhase;
			buildActionMask = 2147483647;
			files = (
			);
			runOnlyForDeploymentPostprocessing = 0;
		};
		C692DDD81F214AB000D0F2C8 /* Resources */ = {
			isa = PBXResourcesBuildPhase;
			buildActionMask = 2147483647;
			files = (
			);
			runOnlyForDeploymentPostprocessing = 0;
		};
		C692DDE61F2310FF00D0F2C8 /* Resources */ = {
			isa = PBXResourcesBuildPhase;
			buildActionMask = 2147483647;
			files = (
			);
			runOnlyForDeploymentPostprocessing = 0;
		};
		C6A1FB8E1F172CF000A73DEB /* Resources */ = {
			isa = PBXResourcesBuildPhase;
			buildActionMask = 2147483647;
			files = (
				C6A1FB9E1F172CF000A73DEB /* LaunchScreen.storyboard in Resources */,
				C6A1FB9B1F172CF000A73DEB /* Assets.xcassets in Resources */,
				C6A1FB991F172CF000A73DEB /* Main.storyboard in Resources */,
			);
			runOnlyForDeploymentPostprocessing = 0;
		};
/* End PBXResourcesBuildPhase section */

/* Begin PBXShellScriptBuildPhase section */
		2A56646E7EEEC64D8FE515BC /* [CP] Check Pods Manifest.lock */ = {
			isa = PBXShellScriptBuildPhase;
			buildActionMask = 2147483647;
			files = (
			);
			inputPaths = (
				"${PODS_PODFILE_DIR_PATH}/Podfile.lock",
				"${PODS_ROOT}/Manifest.lock",
			);
			name = "[CP] Check Pods Manifest.lock";
			outputPaths = (
				"$(DERIVED_FILE_DIR)/Pods-ReSwift EnigmaUITests-checkManifestLockResult.txt",
			);
			runOnlyForDeploymentPostprocessing = 0;
			shellPath = /bin/sh;
			shellScript = "diff \"${PODS_PODFILE_DIR_PATH}/Podfile.lock\" \"${PODS_ROOT}/Manifest.lock\" > /dev/null\nif [ $? != 0 ] ; then\n    # print error to STDERR\n    echo \"error: The sandbox is not in sync with the Podfile.lock. Run 'pod install' or update your CocoaPods installation.\" >&2\n    exit 1\nfi\n# This output is used by Xcode 'outputs' to avoid re-running this script phase.\necho \"SUCCESS\" > \"${SCRIPT_OUTPUT_FILE_0}\"\n";
			showEnvVarsInLog = 0;
		};
		92B222248B3D89320E40C9E1 /* [CP] Embed Pods Frameworks */ = {
			isa = PBXShellScriptBuildPhase;
			buildActionMask = 2147483647;
			files = (
			);
			inputPaths = (
				"${PODS_ROOT}/Target Support Files/Pods-ReSwift Enigma/Pods-ReSwift Enigma-frameworks.sh",
				"${BUILT_PRODUCTS_DIR}/ReSwift/ReSwift.framework",
				"${BUILT_PRODUCTS_DIR}/SwiftyBeaver/SwiftyBeaver.framework",
			);
			name = "[CP] Embed Pods Frameworks";
			outputPaths = (
				"${TARGET_BUILD_DIR}/${FRAMEWORKS_FOLDER_PATH}/ReSwift.framework",
				"${TARGET_BUILD_DIR}/${FRAMEWORKS_FOLDER_PATH}/SwiftyBeaver.framework",
			);
			runOnlyForDeploymentPostprocessing = 0;
			shellPath = /bin/sh;
			shellScript = "\"${PODS_ROOT}/Target Support Files/Pods-ReSwift Enigma/Pods-ReSwift Enigma-frameworks.sh\"\n";
			showEnvVarsInLog = 0;
		};
		A683C8FF5BC7CBE9F32ABD5C /* [CP] Embed Pods Frameworks */ = {
			isa = PBXShellScriptBuildPhase;
			buildActionMask = 2147483647;
			files = (
			);
			inputPaths = (
				"${PODS_ROOT}/Target Support Files/Pods-ReSwift EnigmaUITests/Pods-ReSwift EnigmaUITests-frameworks.sh",
				"${BUILT_PRODUCTS_DIR}/ReSwift/ReSwift.framework",
			);
			name = "[CP] Embed Pods Frameworks";
			outputPaths = (
				"${TARGET_BUILD_DIR}/${FRAMEWORKS_FOLDER_PATH}/ReSwift.framework",
			);
			runOnlyForDeploymentPostprocessing = 0;
			shellPath = /bin/sh;
			shellScript = "\"${PODS_ROOT}/Target Support Files/Pods-ReSwift EnigmaUITests/Pods-ReSwift EnigmaUITests-frameworks.sh\"\n";
			showEnvVarsInLog = 0;
		};
		A7C8ED9E3F3051CF08963072 /* [CP] Check Pods Manifest.lock */ = {
			isa = PBXShellScriptBuildPhase;
			buildActionMask = 2147483647;
			files = (
			);
			inputPaths = (
				"${PODS_PODFILE_DIR_PATH}/Podfile.lock",
				"${PODS_ROOT}/Manifest.lock",
			);
			name = "[CP] Check Pods Manifest.lock";
			outputPaths = (
				"$(DERIVED_FILE_DIR)/Pods-ReSwift Enigma-checkManifestLockResult.txt",
			);
			runOnlyForDeploymentPostprocessing = 0;
			shellPath = /bin/sh;
			shellScript = "diff \"${PODS_PODFILE_DIR_PATH}/Podfile.lock\" \"${PODS_ROOT}/Manifest.lock\" > /dev/null\nif [ $? != 0 ] ; then\n    # print error to STDERR\n    echo \"error: The sandbox is not in sync with the Podfile.lock. Run 'pod install' or update your CocoaPods installation.\" >&2\n    exit 1\nfi\n# This output is used by Xcode 'outputs' to avoid re-running this script phase.\necho \"SUCCESS\" > \"${SCRIPT_OUTPUT_FILE_0}\"\n";
			showEnvVarsInLog = 0;
		};
/* End PBXShellScriptBuildPhase section */

/* Begin PBXSourcesBuildPhase section */
		C679CA131F35AE00006A1EA8 /* Sources */ = {
			isa = PBXSourcesBuildPhase;
			buildActionMask = 2147483647;
			files = (
				C679CA1A1F35AE00006A1EA8 /* ReSwift_Enigma_Mock_Tests.swift in Sources */,
			);
			runOnlyForDeploymentPostprocessing = 0;
		};
		C692DDD61F214AB000D0F2C8 /* Sources */ = {
			isa = PBXSourcesBuildPhase;
			buildActionMask = 2147483647;
			files = (
				C692DDDD1F214AB000D0F2C8 /* ReSwift_Enigma_Tests.swift in Sources */,
			);
			runOnlyForDeploymentPostprocessing = 0;
		};
		C692DDE41F2310FF00D0F2C8 /* Sources */ = {
			isa = PBXSourcesBuildPhase;
			buildActionMask = 2147483647;
			files = (
				C692DDEB1F2310FF00D0F2C8 /* ReSwift_EnigmaUITests.swift in Sources */,
			);
			runOnlyForDeploymentPostprocessing = 0;
		};
		C6A1FB8C1F172CF000A73DEB /* Sources */ = {
			isa = PBXSourcesBuildPhase;
			buildActionMask = 2147483647;
			files = (
				C6A1FBA61F172F4700A73DEB /* Store.swift in Sources */,
				C692DDCB1F1BAD7200D0F2C8 /* PlugboardActions.swift in Sources */,
				C692DDD11F1DD92B00D0F2C8 /* NavigationActions.swift in Sources */,
				C692DDD31F1E9D8900D0F2C8 /* EnigmaData.swift in Sources */,
				C692DDCF1F1DD7D800D0F2C8 /* NavigationReducer.swift in Sources */,
				C692DDC71F1BAC3300D0F2C8 /* PlugboardReducer.swift in Sources */,
				C692DDC91F1BACEF00D0F2C8 /* OutputReducer.swift in Sources */,
				C692DDC31F1B972A00D0F2C8 /* RotorReducer.swift in Sources */,
				C6A1FB961F172CF000A73DEB /* SetupViewController.swift in Sources */,
				C6997ECF1F1ABB8B006F57BB /* CodeViewController.swift in Sources */,
				C692DDD51F1EA6A500D0F2C8 /* Helpers.swift in Sources */,
				C692DDCD1F1BB07000D0F2C8 /* OutputActions.swift in Sources */,
				C6A1FB941F172CF000A73DEB /* AppDelegate.swift in Sources */,
				C692DDC51F1BA6A400D0F2C8 /* RotorActions.swift in Sources */,
			);
			runOnlyForDeploymentPostprocessing = 0;
		};
/* End PBXSourcesBuildPhase section */

/* Begin PBXTargetDependency section */
		C679CA1D1F35AE00006A1EA8 /* PBXTargetDependency */ = {
			isa = PBXTargetDependency;
			target = C6A1FB8F1F172CF000A73DEB /* ReSwift Enigma */;
			targetProxy = C679CA1C1F35AE00006A1EA8 /* PBXContainerItemProxy */;
		};
		C692DDE01F214AB000D0F2C8 /* PBXTargetDependency */ = {
			isa = PBXTargetDependency;
			target = C6A1FB8F1F172CF000A73DEB /* ReSwift Enigma */;
			targetProxy = C692DDDF1F214AB000D0F2C8 /* PBXContainerItemProxy */;
		};
		C692DDEE1F2310FF00D0F2C8 /* PBXTargetDependency */ = {
			isa = PBXTargetDependency;
			target = C6A1FB8F1F172CF000A73DEB /* ReSwift Enigma */;
			targetProxy = C692DDED1F2310FF00D0F2C8 /* PBXContainerItemProxy */;
		};
/* End PBXTargetDependency section */

/* Begin PBXVariantGroup section */
		C6A1FB971F172CF000A73DEB /* Main.storyboard */ = {
			isa = PBXVariantGroup;
			children = (
				C6A1FB981F172CF000A73DEB /* Base */,
			);
			name = Main.storyboard;
			sourceTree = "<group>";
		};
		C6A1FB9C1F172CF000A73DEB /* LaunchScreen.storyboard */ = {
			isa = PBXVariantGroup;
			children = (
				C6A1FB9D1F172CF000A73DEB /* Base */,
			);
			name = LaunchScreen.storyboard;
			sourceTree = "<group>";
		};
/* End PBXVariantGroup section */

/* Begin XCBuildConfiguration section */
		C679CA1E1F35AE00006A1EA8 /* Debug */ = {
			isa = XCBuildConfiguration;
			buildSettings = {
				BUNDLE_LOADER = "$(TEST_HOST)";
				DEVELOPMENT_TEAM = T3V57DT83Y;
				INFOPLIST_FILE = "ReSwift Enigma Mock Tests/Info.plist";
				LD_RUNPATH_SEARCH_PATHS = "$(inherited) @executable_path/Frameworks @loader_path/Frameworks";
				PRODUCT_BUNDLE_IDENTIFIER = "james-coleman.ReSwift-Enigma-Mock-Tests";
				PRODUCT_NAME = "$(TARGET_NAME)";
				SWIFT_SWIFT3_OBJC_INFERENCE = On;
				SWIFT_VERSION = 4.2;
				TEST_HOST = "$(BUILT_PRODUCTS_DIR)/ReSwift Enigma.app/ReSwift Enigma";
			};
			name = Debug;
		};
		C679CA1F1F35AE00006A1EA8 /* Release */ = {
			isa = XCBuildConfiguration;
			buildSettings = {
				BUNDLE_LOADER = "$(TEST_HOST)";
				DEVELOPMENT_TEAM = T3V57DT83Y;
				INFOPLIST_FILE = "ReSwift Enigma Mock Tests/Info.plist";
				LD_RUNPATH_SEARCH_PATHS = "$(inherited) @executable_path/Frameworks @loader_path/Frameworks";
				PRODUCT_BUNDLE_IDENTIFIER = "james-coleman.ReSwift-Enigma-Mock-Tests";
				PRODUCT_NAME = "$(TARGET_NAME)";
				SWIFT_SWIFT3_OBJC_INFERENCE = On;
				SWIFT_VERSION = 4.2;
				TEST_HOST = "$(BUILT_PRODUCTS_DIR)/ReSwift Enigma.app/ReSwift Enigma";
			};
			name = Release;
		};
		C692DDE11F214AB000D0F2C8 /* Debug */ = {
			isa = XCBuildConfiguration;
			buildSettings = {
				BUNDLE_LOADER = "$(TEST_HOST)";
				DEVELOPMENT_TEAM = T3V57DT83Y;
				INFOPLIST_FILE = "ReSwift Enigma Tests/Info.plist";
				LD_RUNPATH_SEARCH_PATHS = "$(inherited) @executable_path/Frameworks @loader_path/Frameworks";
				PRODUCT_BUNDLE_IDENTIFIER = "james-coleman.ReSwift-Enigma-Tests";
				PRODUCT_NAME = "$(TARGET_NAME)";
				SWIFT_SWIFT3_OBJC_INFERENCE = On;
				SWIFT_VERSION = 4.2;
				TEST_HOST = "$(BUILT_PRODUCTS_DIR)/ReSwift Enigma.app/ReSwift Enigma";
			};
			name = Debug;
		};
		C692DDE21F214AB000D0F2C8 /* Release */ = {
			isa = XCBuildConfiguration;
			buildSettings = {
				BUNDLE_LOADER = "$(TEST_HOST)";
				DEVELOPMENT_TEAM = T3V57DT83Y;
				INFOPLIST_FILE = "ReSwift Enigma Tests/Info.plist";
				LD_RUNPATH_SEARCH_PATHS = "$(inherited) @executable_path/Frameworks @loader_path/Frameworks";
				PRODUCT_BUNDLE_IDENTIFIER = "james-coleman.ReSwift-Enigma-Tests";
				PRODUCT_NAME = "$(TARGET_NAME)";
				SWIFT_SWIFT3_OBJC_INFERENCE = On;
				SWIFT_VERSION = 4.2;
				TEST_HOST = "$(BUILT_PRODUCTS_DIR)/ReSwift Enigma.app/ReSwift Enigma";
			};
			name = Release;
		};
		C692DDF01F2310FF00D0F2C8 /* Debug */ = {
			isa = XCBuildConfiguration;
			baseConfigurationReference = 079D79ECCFAE6C53D134F3BE /* Pods-ReSwift EnigmaUITests.debug.xcconfig */;
			buildSettings = {
				DEVELOPMENT_TEAM = T3V57DT83Y;
				INFOPLIST_FILE = "ReSwift EnigmaUITests/Info.plist";
				LD_RUNPATH_SEARCH_PATHS = "$(inherited) @executable_path/Frameworks @loader_path/Frameworks";
				PRODUCT_BUNDLE_IDENTIFIER = "james-coleman.ReSwift-EnigmaUITests";
				PRODUCT_NAME = "$(TARGET_NAME)";
				SWIFT_SWIFT3_OBJC_INFERENCE = On;
				SWIFT_VERSION = 4.2;
				TEST_TARGET_NAME = "ReSwift Enigma";
			};
			name = Debug;
		};
		C692DDF11F2310FF00D0F2C8 /* Release */ = {
			isa = XCBuildConfiguration;
			baseConfigurationReference = D117544202BD7825F6128305 /* Pods-ReSwift EnigmaUITests.release.xcconfig */;
			buildSettings = {
				DEVELOPMENT_TEAM = T3V57DT83Y;
				INFOPLIST_FILE = "ReSwift EnigmaUITests/Info.plist";
				LD_RUNPATH_SEARCH_PATHS = "$(inherited) @executable_path/Frameworks @loader_path/Frameworks";
				PRODUCT_BUNDLE_IDENTIFIER = "james-coleman.ReSwift-EnigmaUITests";
				PRODUCT_NAME = "$(TARGET_NAME)";
				SWIFT_SWIFT3_OBJC_INFERENCE = On;
				SWIFT_VERSION = 4.2;
				TEST_TARGET_NAME = "ReSwift Enigma";
			};
			name = Release;
		};
		C6A1FBA01F172CF000A73DEB /* Debug */ = {
			isa = XCBuildConfiguration;
			buildSettings = {
				ALWAYS_SEARCH_USER_PATHS = NO;
				CLANG_ANALYZER_NONNULL = YES;
				CLANG_ANALYZER_NUMBER_OBJECT_CONVERSION = YES_AGGRESSIVE;
				CLANG_CXX_LANGUAGE_STANDARD = "gnu++0x";
				CLANG_CXX_LIBRARY = "libc++";
				CLANG_ENABLE_MODULES = YES;
				CLANG_ENABLE_OBJC_ARC = YES;
				CLANG_WARN_BLOCK_CAPTURE_AUTORELEASING = YES;
				CLANG_WARN_BOOL_CONVERSION = YES;
				CLANG_WARN_COMMA = YES;
				CLANG_WARN_CONSTANT_CONVERSION = YES;
				CLANG_WARN_DEPRECATED_OBJC_IMPLEMENTATIONS = YES;
				CLANG_WARN_DIRECT_OBJC_ISA_USAGE = YES_ERROR;
				CLANG_WARN_DOCUMENTATION_COMMENTS = YES;
				CLANG_WARN_EMPTY_BODY = YES;
				CLANG_WARN_ENUM_CONVERSION = YES;
				CLANG_WARN_INFINITE_RECURSION = YES;
				CLANG_WARN_INT_CONVERSION = YES;
				CLANG_WARN_NON_LITERAL_NULL_CONVERSION = YES;
				CLANG_WARN_OBJC_IMPLICIT_RETAIN_SELF = YES;
				CLANG_WARN_OBJC_LITERAL_CONVERSION = YES;
				CLANG_WARN_OBJC_ROOT_CLASS = YES_ERROR;
				CLANG_WARN_RANGE_LOOP_ANALYSIS = YES;
				CLANG_WARN_STRICT_PROTOTYPES = YES;
				CLANG_WARN_SUSPICIOUS_MOVE = YES;
				CLANG_WARN_UNREACHABLE_CODE = YES;
				CLANG_WARN__DUPLICATE_METHOD_MATCH = YES;
				"CODE_SIGN_IDENTITY[sdk=iphoneos*]" = "iPhone Developer";
				COPY_PHASE_STRIP = NO;
				DEBUG_INFORMATION_FORMAT = dwarf;
				ENABLE_STRICT_OBJC_MSGSEND = YES;
				ENABLE_TESTABILITY = YES;
				GCC_C_LANGUAGE_STANDARD = gnu99;
				GCC_DYNAMIC_NO_PIC = NO;
				GCC_NO_COMMON_BLOCKS = YES;
				GCC_OPTIMIZATION_LEVEL = 0;
				GCC_PREPROCESSOR_DEFINITIONS = (
					"DEBUG=1",
					"$(inherited)",
				);
				GCC_WARN_64_TO_32_BIT_CONVERSION = YES;
				GCC_WARN_ABOUT_RETURN_TYPE = YES_ERROR;
				GCC_WARN_UNDECLARED_SELECTOR = YES;
				GCC_WARN_UNINITIALIZED_AUTOS = YES_AGGRESSIVE;
				GCC_WARN_UNUSED_FUNCTION = YES;
				GCC_WARN_UNUSED_VARIABLE = YES;
				IPHONEOS_DEPLOYMENT_TARGET = 10.3;
				MTL_ENABLE_DEBUG_INFO = YES;
				ONLY_ACTIVE_ARCH = YES;
				SDKROOT = iphoneos;
				SWIFT_ACTIVE_COMPILATION_CONDITIONS = DEBUG;
				SWIFT_OPTIMIZATION_LEVEL = "-Onone";
				TARGETED_DEVICE_FAMILY = "1,2";
			};
			name = Debug;
		};
		C6A1FBA11F172CF000A73DEB /* Release */ = {
			isa = XCBuildConfiguration;
			buildSettings = {
				ALWAYS_SEARCH_USER_PATHS = NO;
				CLANG_ANALYZER_NONNULL = YES;
				CLANG_ANALYZER_NUMBER_OBJECT_CONVERSION = YES_AGGRESSIVE;
				CLANG_CXX_LANGUAGE_STANDARD = "gnu++0x";
				CLANG_CXX_LIBRARY = "libc++";
				CLANG_ENABLE_MODULES = YES;
				CLANG_ENABLE_OBJC_ARC = YES;
				CLANG_WARN_BLOCK_CAPTURE_AUTORELEASING = YES;
				CLANG_WARN_BOOL_CONVERSION = YES;
				CLANG_WARN_COMMA = YES;
				CLANG_WARN_CONSTANT_CONVERSION = YES;
				CLANG_WARN_DEPRECATED_OBJC_IMPLEMENTATIONS = YES;
				CLANG_WARN_DIRECT_OBJC_ISA_USAGE = YES_ERROR;
				CLANG_WARN_DOCUMENTATION_COMMENTS = YES;
				CLANG_WARN_EMPTY_BODY = YES;
				CLANG_WARN_ENUM_CONVERSION = YES;
				CLANG_WARN_INFINITE_RECURSION = YES;
				CLANG_WARN_INT_CONVERSION = YES;
				CLANG_WARN_NON_LITERAL_NULL_CONVERSION = YES;
				CLANG_WARN_OBJC_IMPLICIT_RETAIN_SELF = YES;
				CLANG_WARN_OBJC_LITERAL_CONVERSION = YES;
				CLANG_WARN_OBJC_ROOT_CLASS = YES_ERROR;
				CLANG_WARN_RANGE_LOOP_ANALYSIS = YES;
				CLANG_WARN_STRICT_PROTOTYPES = YES;
				CLANG_WARN_SUSPICIOUS_MOVE = YES;
				CLANG_WARN_UNREACHABLE_CODE = YES;
				CLANG_WARN__DUPLICATE_METHOD_MATCH = YES;
				"CODE_SIGN_IDENTITY[sdk=iphoneos*]" = "iPhone Developer";
				COPY_PHASE_STRIP = NO;
				DEBUG_INFORMATION_FORMAT = "dwarf-with-dsym";
				ENABLE_NS_ASSERTIONS = NO;
				ENABLE_STRICT_OBJC_MSGSEND = YES;
				GCC_C_LANGUAGE_STANDARD = gnu99;
				GCC_NO_COMMON_BLOCKS = YES;
				GCC_WARN_64_TO_32_BIT_CONVERSION = YES;
				GCC_WARN_ABOUT_RETURN_TYPE = YES_ERROR;
				GCC_WARN_UNDECLARED_SELECTOR = YES;
				GCC_WARN_UNINITIALIZED_AUTOS = YES_AGGRESSIVE;
				GCC_WARN_UNUSED_FUNCTION = YES;
				GCC_WARN_UNUSED_VARIABLE = YES;
				IPHONEOS_DEPLOYMENT_TARGET = 10.3;
				MTL_ENABLE_DEBUG_INFO = NO;
				SDKROOT = iphoneos;
				SWIFT_OPTIMIZATION_LEVEL = "-Owholemodule";
				TARGETED_DEVICE_FAMILY = "1,2";
				VALIDATE_PRODUCT = YES;
			};
			name = Release;
		};
		C6A1FBA31F172CF000A73DEB /* Debug */ = {
			isa = XCBuildConfiguration;
			baseConfigurationReference = BEAB0D8CD2358BA43B0BBD04 /* Pods-ReSwift Enigma.debug.xcconfig */;
			buildSettings = {
				ASSETCATALOG_COMPILER_APPICON_NAME = AppIcon;
				DEVELOPMENT_TEAM = T3V57DT83Y;
				INFOPLIST_FILE = "ReSwift Enigma/Info.plist";
				LD_RUNPATH_SEARCH_PATHS = "$(inherited) @executable_path/Frameworks";
				PRODUCT_BUNDLE_IDENTIFIER = "james-coleman.ReSwift-Enigma";
				PRODUCT_NAME = "$(TARGET_NAME)";
				SWIFT_SWIFT3_OBJC_INFERENCE = On;
				SWIFT_VERSION = 4.2;
			};
			name = Debug;
		};
		C6A1FBA41F172CF000A73DEB /* Release */ = {
			isa = XCBuildConfiguration;
			baseConfigurationReference = B53499637E9756F684657821 /* Pods-ReSwift Enigma.release.xcconfig */;
			buildSettings = {
				ASSETCATALOG_COMPILER_APPICON_NAME = AppIcon;
				DEVELOPMENT_TEAM = T3V57DT83Y;
				INFOPLIST_FILE = "ReSwift Enigma/Info.plist";
				LD_RUNPATH_SEARCH_PATHS = "$(inherited) @executable_path/Frameworks";
				PRODUCT_BUNDLE_IDENTIFIER = "james-coleman.ReSwift-Enigma";
				PRODUCT_NAME = "$(TARGET_NAME)";
				SWIFT_SWIFT3_OBJC_INFERENCE = On;
				SWIFT_VERSION = 4.2;
			};
			name = Release;
		};
/* End XCBuildConfiguration section */

/* Begin XCConfigurationList section */
		C679CA201F35AE00006A1EA8 /* Build configuration list for PBXNativeTarget "ReSwift Enigma Mock Tests" */ = {
			isa = XCConfigurationList;
			buildConfigurations = (
				C679CA1E1F35AE00006A1EA8 /* Debug */,
				C679CA1F1F35AE00006A1EA8 /* Release */,
			);
			defaultConfigurationIsVisible = 0;
			defaultConfigurationName = Release;
		};
		C692DDE31F214AB000D0F2C8 /* Build configuration list for PBXNativeTarget "ReSwift Enigma Tests" */ = {
			isa = XCConfigurationList;
			buildConfigurations = (
				C692DDE11F214AB000D0F2C8 /* Debug */,
				C692DDE21F214AB000D0F2C8 /* Release */,
			);
			defaultConfigurationIsVisible = 0;
			defaultConfigurationName = Release;
		};
		C692DDEF1F2310FF00D0F2C8 /* Build configuration list for PBXNativeTarget "ReSwift EnigmaUITests" */ = {
			isa = XCConfigurationList;
			buildConfigurations = (
				C692DDF01F2310FF00D0F2C8 /* Debug */,
				C692DDF11F2310FF00D0F2C8 /* Release */,
			);
			defaultConfigurationIsVisible = 0;
			defaultConfigurationName = Release;
		};
		C6A1FB8B1F172CEF00A73DEB /* Build configuration list for PBXProject "ReSwift Enigma" */ = {
			isa = XCConfigurationList;
			buildConfigurations = (
				C6A1FBA01F172CF000A73DEB /* Debug */,
				C6A1FBA11F172CF000A73DEB /* Release */,
			);
			defaultConfigurationIsVisible = 0;
			defaultConfigurationName = Release;
		};
		C6A1FBA21F172CF000A73DEB /* Build configuration list for PBXNativeTarget "ReSwift Enigma" */ = {
			isa = XCConfigurationList;
			buildConfigurations = (
				C6A1FBA31F172CF000A73DEB /* Debug */,
				C6A1FBA41F172CF000A73DEB /* Release */,
			);
			defaultConfigurationIsVisible = 0;
			defaultConfigurationName = Release;
		};
/* End XCConfigurationList section */
	};
	rootObject = C6A1FB881F172CEF00A73DEB /* Project object */;
}
